
Microsoft Visual Studio Solution File, Format Version 12.00
# Visual Studio Version 17
VisualStudioVersion = 17.2.32516.85
MinimumVisualStudioVersion = 10.0.40219.1
Project("{8BC9CEB8-8B4A-11D0-8D11-00A0C91BC942}") = "Project1", "Project1\Project1.vcxproj", "{E32AF60B-939E-4358-9D10-A03472B7C128}"
EndProject
Global
	GlobalSection(SolutionConfigurationPlatforms) = preSolution
		Debug|x64 = Debug|x64
		Debug|x86 = Debug|x86
		Release|x64 = Release|x64
		Release|x86 = Release|x86
	EndGlobalSection
	GlobalSection(ProjectConfigurationPlatforms) = postSolution
		{E32AF60B-939E-4358-9D10-A03472B7C128}.Debug|x64.ActiveCfg = Debug|x64
		{E32AF60B-939E-4358-9D10-A03472B7C128}.Debug|x64.Build.0 = Debug|x64
		{E32AF60B-939E-4358-9D10-A03472B7C128}.Debug|x86.ActiveCfg = Debug|Win32
		{E32AF60B-939E-4358-9D10-A03472B7C128}.Debug|x86.Build.0 = Debug|Win32
		{E32AF60B-939E-4358-9D10-A03472B7C128}.Release|x64.ActiveCfg = Release|x64
		{E32AF60B-939E-4358-9D10-A03472B7C128}.Release|x64.Build.0 = Release|x64
		{E32AF60B-939E-4358-9D10-A03472B7C128}.Release|x86.ActiveCfg = Release|Win32
		{E32AF60B-939E-4358-9D10-A03472B7C128}.Release|x86.Build.0 = Release|Win32
	EndGlobalSection
	GlobalSection(SolutionProperties) = preSolution
		HideSolutionNode = FALSE
	EndGlobalSection
	GlobalSection(ExtensibilityGlobals) = postSolution
		SolutionGuid = {CCB34F08-E4F0-49C5-9BCB-7A99B092DA90}
	EndGlobalSection
EndGlobal
